	<Project xmlns="http://schemas.microsoft.com/developer/msbuild/2003">
		<PropertyGroup>
			<ProjectGuid>{5D525A56-90CA-4EA0-8196-951CB56704FE}</ProjectGuid>
			<MainSource>MidiAndMusicXmlPlayer.dpr</MainSource>
			<Base>True</Base>
			<Config Condition="'$(Config)'==''">Debug</Config>
			<TargetedPlatforms>1</TargetedPlatforms>
			<AppType>Application</AppType>
			<FrameworkType>VCL</FrameworkType>
			<ProjectVersion>14.6</ProjectVersion>
			<Platform Condition="'$(Platform)'==''">Win32</Platform>
			<Platform>Win32</Platform>
			<DCC_DCCCompiler>DCC32</DCC_DCCCompiler>
		</PropertyGroup>
		<PropertyGroup Condition="'$(Config)'=='Base' or '$(Base)'!=''">
			<Base>true</Base>
		</PropertyGroup>
		<PropertyGroup Condition="'$(Config)'=='Release' or '$(Cfg_1)'!=''">
			<Cfg_1>true</Cfg_1>
			<CfgParent>Base</CfgParent>
			<Base>true</Base>
		</PropertyGroup>
		<PropertyGroup Condition="'$(Config)'=='Debug' or '$(Cfg_2)'!=''">
			<Cfg_2>true</Cfg_2>
			<CfgParent>Base</CfgParent>
			<Base>true</Base>
		</PropertyGroup>
		<PropertyGroup Condition="'$(Platform)'=='Win32' and '$(Cfg_2)'=='true' or '$(Cfg_2_Win32)'!=''">
			<Cfg_2_Win32>true</Cfg_2_Win32>
			<CfgParent>Cfg_2</CfgParent>
			<Cfg_2>true</Cfg_2>
			<Base>true</Base>
		</PropertyGroup>
		<PropertyGroup Condition="'$(Base)'!=''">
			<DCC_Define>DelphiXe;$(DCC_Define)</DCC_Define>
			<ImageDebugInfo>true</ImageDebugInfo>
			<DCC_DebugInfoInExe>true</DCC_DebugInfoInExe>
			<DCC_Namespace>Vcl;Vcl.Imaging;Vcl.Touch;Vcl.Samples;Vcl.Shell;System;Xml;Data;Datasnap;Web;Soap;Winapi;$(DCC_Namespace)</DCC_Namespace>
			<DCC_N>true</DCC_N>
			<DCC_IntegerOverflowCheck>true</DCC_IntegerOverflowCheck>
			<DCC_ImageBase>00400000</DCC_ImageBase>
			<DCC_F>false</DCC_F>
			<DCC_SymbolReferenceInfo>1</DCC_SymbolReferenceInfo>
			<DCC_UsePackage>Vcl40;Vclx40;Vcldb40;vcldbx40;VclSmp40;Qrpt40;TeeUI40;teedb40;tee40;ibevnt40;nmfast40;$(DCC_UsePackage)</DCC_UsePackage>
			<DCC_S>false</DCC_S>
			<VerInfo_Keys>CompanyName=;FileDescription=;FileVersion=1.0.0.0;InternalName=;LegalCopyright=;LegalTrademarks=;OriginalFilename=;ProductName=;ProductVersion=1.0.0.0;Comments=</VerInfo_Keys>
			<DCC_WriteableConstants>true</DCC_WriteableConstants>
			<DCC_Alignment>1</DCC_Alignment>
			<DCC_RemoteDebug>true</DCC_RemoteDebug>
			<DCC_Optimize>false</DCC_Optimize>
			<DCC_RangeChecking>true</DCC_RangeChecking>
			<DCC_K>false</DCC_K>
			<DCC_E>false</DCC_E>
			<VerInfo_Locale>1053</VerInfo_Locale>
		</PropertyGroup>
		<PropertyGroup Condition="'$(Cfg_1)'!=''">
			<DCC_Define>RELEASE;$(DCC_Define)</DCC_Define>
			<DCC_SymbolReferenceInfo>0</DCC_SymbolReferenceInfo>
			<DCC_DebugInformation>false</DCC_DebugInformation>
			<DCC_LocalDebugSymbols>false</DCC_LocalDebugSymbols>
		</PropertyGroup>
		<PropertyGroup Condition="'$(Cfg_2)'!=''">
			<DCC_RunTimeTypeInfo>true</DCC_RunTimeTypeInfo>
			<DCC_GenerateStackFrames>true</DCC_GenerateStackFrames>
			<DCC_Define>DEBUG;$(DCC_Define)</DCC_Define>
		</PropertyGroup>
		<PropertyGroup Condition="'$(Cfg_2_Win32)'!=''">
			<DCC_MaxStackSize>4000000</DCC_MaxStackSize>
			<DCC_RunTimeTypeInfo>false</DCC_RunTimeTypeInfo>
			<DCC_Define>Windows;$(DCC_Define)</DCC_Define>
		</PropertyGroup>
		<ItemGroup>
			<DelphiCompile Include="MidiAndMusicXmlPlayer.dpr">
				<MainSource>MainSource</MainSource>
			</DelphiCompile>
			<DCCReference Include="UnitMidiGui.pas">
				<Form>FormMidiGui</Form>
			</DCCReference>
			<DCCReference Include="UnitMidiIn.pas">
				<Form>FormMidiIn</Form>
			</DCCReference>
			<DCCReference Include="UnitMidiMixer.pas">
				<Form>FormMidiMixer</Form>
			</DCCReference>
			<DCCReference Include="UnitMidiPlay.pas"/>
			<DCCReference Include="UnitMidiDefinitions.pas"/>
			<DCCReference Include="UnitText.pas">
				<Form>FormText</Form>
			</DCCReference>
			<DCCReference Include="UnitScore.pas">
				<Form>FormScore</Form>
			</DCCReference>
			<DCCReference Include="UnitXml.pas"/>
			<DCCReference Include="UnitMessage.pas">
				<Form>FormMessage</Form>
			</DCCReference>
			<DCCReference Include="UnitMidiOpenDialog.pas">
				<Form>FormMidiOpenDialog</Form>
			</DCCReference>
			<BuildConfiguration Include="Debug">
				<Key>Cfg_2</Key>
				<CfgParent>Base</CfgParent>
			</BuildConfiguration>
			<BuildConfiguration Include="Base">
				<Key>Base</Key>
			</BuildConfiguration>
			<BuildConfiguration Include="Release">
				<Key>Cfg_1</Key>
				<CfgParent>Base</CfgParent>
			</BuildConfiguration>
		</ItemGroup>
		<Import Condition="Exists('$(BDS)\Bin\CodeGear.Delphi.Targets')" Project="$(BDS)\Bin\CodeGear.Delphi.Targets"/>
		<Import Condition="Exists('$(APPDATA)\Embarcadero\$(BDSAPPDATABASEDIR)\$(PRODUCTVERSION)\UserTools.proj')" Project="$(APPDATA)\Embarcadero\$(BDSAPPDATABASEDIR)\$(PRODUCTVERSION)\UserTools.proj"/>
		<ProjectExtensions>
			<Borland.Personality>Delphi.Personality.12</Borland.Personality>
			<Borland.ProjectType/>
			<BorlandProject>
				<Delphi.Personality>
					<Source>
						<Source Name="MainSource">MidiAndMusicXmlPlayer.dpr</Source>
					</Source>
					<VersionInfo>
						<VersionInfo Name="IncludeVerInfo">True</VersionInfo>
						<VersionInfo Name="AutoIncBuild">False</VersionInfo>
						<VersionInfo Name="MajorVer">1</VersionInfo>
						<VersionInfo Name="MinorVer">0</VersionInfo>
						<VersionInfo Name="Release">0</VersionInfo>
						<VersionInfo Name="Build">0</VersionInfo>
						<VersionInfo Name="Debug">False</VersionInfo>
						<VersionInfo Name="PreRelease">False</VersionInfo>
						<VersionInfo Name="Special">False</VersionInfo>
						<VersionInfo Name="Private">False</VersionInfo>
						<VersionInfo Name="DLL">False</VersionInfo>
						<VersionInfo Name="Locale">1053</VersionInfo>
						<VersionInfo Name="CodePage">1252</VersionInfo>
					</VersionInfo>
					<VersionInfoKeys>
						<VersionInfoKeys Name="CompanyName"/>
						<VersionInfoKeys Name="FileDescription"/>
						<VersionInfoKeys Name="FileVersion">1.0.0.0</VersionInfoKeys>
						<VersionInfoKeys Name="InternalName"/>
						<VersionInfoKeys Name="LegalCopyright"/>
						<VersionInfoKeys Name="LegalTrademarks"/>
						<VersionInfoKeys Name="OriginalFilename"/>
						<VersionInfoKeys Name="ProductName"/>
						<VersionInfoKeys Name="ProductVersion">1.0.0.0</VersionInfoKeys>
						<VersionInfoKeys Name="Comments"/>
					</VersionInfoKeys>
					<Parameters_Win32/>
				</Delphi.Personality>
				<Platforms>
					<Platform value="Win64">False</Platform>
					<Platform value="Win32">True</Platform>
				</Platforms>
			</BorlandProject>
			<ProjectFileVersion>12</ProjectFileVersion>
		</ProjectExtensions>
	</Project>
